
Microsoft Visual Studio Solution File, Format Version 12.00
# Visual Studio Version 17
VisualStudioVersion = 17.2.32630.192
MinimumVisualStudioVersion = 10.0.40219.1
Project("{FAE04EC0-301F-11D3-BF4B-00C04F79EFBC}") = "Advent2023", "Advent2023.csproj", "{71B31AF6-883C-48A3-A5A2-0B34CC498900}"
EndProject
Global
	GlobalSection(SolutionConfigurationPlatforms) = preSolution
		Debug|Any CPU = Debug|Any CPU
		Release|Any CPU = Release|Any CPU
	EndGlobalSection
	GlobalSection(ProjectConfigurationPlatforms) = postSolution
		{71B31AF6-883C-48A3-A5A2-0B34CC498900}.Debug|Any CPU.ActiveCfg = Debug|Any CPU
		{71B31AF6-883C-48A3-A5A2-0B34CC498900}.Debug|Any CPU.Build.0 = Debug|Any CPU
		{71B31AF6-883C-48A3-A5A2-0B34CC498900}.Release|Any CPU.ActiveCfg = Release|Any CPU
		{71B31AF6-883C-48A3-A5A2-0B34CC498900}.Release|Any CPU.Build.0 = Release|Any CPU
	EndGlobalSection
	GlobalSection(SolutionProperties) = preSolution
		HideSolutionNode = FALSE
	EndGlobalSection
	GlobalSection(ExtensibilityGlobals) = postSolution
		SolutionGuid = {4972B728-781E-4BDF-98A8-DD9A0394A030}
	EndGlobalSection
EndGlobal
